lockfileVersion: '6.0'

settings:
  autoInstallPeers: true
  excludeLinksFromLockfile: false

importers:

  .:
    devDependencies:
      '@tsconfig/node20':
        specifier: ^20.1.4
        version: 20.1.4

  libs/with-alias: {}

  libs/without-alias: {}

  packages/app:
    dependencies:
      '@repo/libs-with-alias':
        specifier: workspace:*
        version: link:../../libs/with-alias
      '@repo/libs-without-alias':
        specifier: workspace:*
        version: link:../../libs/without-alias

packages:

  /@tsconfig/node20@20.1.4:
    resolution: {integrity: sha512-sqgsT69YFeLWf5NtJ4Xq/xAF8p4ZQHlmGW74Nu2tD4+g5fAsposc4ZfaaPixVu4y01BEiDCWLRDCvDM5JOsRxg==}
    dev: true
